
Microsoft Visual Studio Solution File, Format Version 12.00
# Visual Studio Version 16
VisualStudioVersion = 16.0.29806.167
MinimumVisualStudioVersion = 10.0.40219.1
Project("{9A19103F-16F7-4668-BE54-9A1E7A4F7556}") = "PirateApp.Domain", "PirateApp.Domain\PirateApp.Domain.csproj", "{E76D4B55-87A1-4DB0-96B9-6FC12DDBC7EA}"
EndProject
Project("{9A19103F-16F7-4668-BE54-9A1E7A4F7556}") = "PirateApp.Data", "PirateApp.Data\PirateApp.Data.csproj", "{F81C0C96-C374-4641-B915-9B475CF587B1}"
EndProject
Project("{9A19103F-16F7-4668-BE54-9A1E7A4F7556}") = "EntityFramework_ConsoleApp", "ConsoleApp\EntityFramework_ConsoleApp.csproj", "{D4029A5A-BB1C-4BB4-9943-AFEE0F49EF3C}"
EndProject
Project("{9A19103F-16F7-4668-BE54-9A1E7A4F7556}") = "EntityFramework_UnitTest", "UnitTest\EntityFramework_UnitTest.csproj", "{6C4B6C61-FFDE-49E5-9E2E-05A50A016037}"
EndProject
Project("{2150E333-8FDC-42A3-9474-1A3956D46DE8}") = "Solution Items", "Solution Items", "{9B903F65-D4B2-42A6-BB18-57A4BB0446FD}"
	ProjectSection(SolutionItems) = preProject
		.editorconfig = .editorconfig
	EndProjectSection
EndProject
Project("{2150E333-8FDC-42A3-9474-1A3956D46DE8}") = "1_EntityFramework", "1_EntityFramework", "{3B1C93C0-C4D0-4320-9872-758D26833F0B}"
EndProject
Project("{9A19103F-16F7-4668-BE54-9A1E7A4F7556}") = "PiratesGrid", "PiratesGrid\PiratesGrid\PiratesGrid.csproj", "{891064C5-6298-44AB-8DD1-FFD991F1B94D}"
EndProject
Project("{9A19103F-16F7-4668-BE54-9A1E7A4F7556}") = "PirateApp.BussinesLogic", "PirateApp.BussinesLogic\PirateApp.BussinesLogic.csproj", "{A82D4967-5974-425B-8D96-E8FE4FAEB51D}"
EndProject
Project("{2150E333-8FDC-42A3-9474-1A3956D46DE8}") = "3_ASP.NETCORE", "3_ASP.NETCORE", "{E22F9CAB-4EAB-4E17-827A-321C131BBB36}"
EndProject
Project("{9A19103F-16F7-4668-BE54-9A1E7A4F7556}") = "BlazorPiratesGrid", "BlazorPiratesGrid\BlazorPiratesGrid.csproj", "{7D028205-2ED6-433E-8714-DA34B74671D6}"
EndProject
Project("{2150E333-8FDC-42A3-9474-1A3956D46DE8}") = "NewFolder1", "NewFolder1", "{B930C48B-7ED1-43C2-9550-2F9CFF32CE4D}"
EndProject
Project("{2150E333-8FDC-42A3-9474-1A3956D46DE8}") = "NewFolder2", "NewFolder2", "{18A912AE-0D69-4F01-9246-D862E8F11236}"
EndProject
Project("{2150E333-8FDC-42A3-9474-1A3956D46DE8}") = "2_Blazor", "2_Blazor", "{16226C7B-996C-4EEE-8079-1E7966C28172}"
EndProject
Global
	GlobalSection(SolutionConfigurationPlatforms) = preSolution
		Debug|Any CPU = Debug|Any CPU
		Release|Any CPU = Release|Any CPU
	EndGlobalSection
	GlobalSection(ProjectConfigurationPlatforms) = postSolution
		{E76D4B55-87A1-4DB0-96B9-6FC12DDBC7EA}.Debug|Any CPU.ActiveCfg = Debug|Any CPU
		{E76D4B55-87A1-4DB0-96B9-6FC12DDBC7EA}.Debug|Any CPU.Build.0 = Debug|Any CPU
		{E76D4B55-87A1-4DB0-96B9-6FC12DDBC7EA}.Release|Any CPU.ActiveCfg = Release|Any CPU
		{E76D4B55-87A1-4DB0-96B9-6FC12DDBC7EA}.Release|Any CPU.Build.0 = Release|Any CPU
		{F81C0C96-C374-4641-B915-9B475CF587B1}.Debug|Any CPU.ActiveCfg = Debug|Any CPU
		{F81C0C96-C374-4641-B915-9B475CF587B1}.Debug|Any CPU.Build.0 = Debug|Any CPU
		{F81C0C96-C374-4641-B915-9B475CF587B1}.Release|Any CPU.ActiveCfg = Release|Any CPU
		{F81C0C96-C374-4641-B915-9B475CF587B1}.Release|Any CPU.Build.0 = Release|Any CPU
		{D4029A5A-BB1C-4BB4-9943-AFEE0F49EF3C}.Debug|Any CPU.ActiveCfg = Debug|Any CPU
		{D4029A5A-BB1C-4BB4-9943-AFEE0F49EF3C}.Debug|Any CPU.Build.0 = Debug|Any CPU
		{D4029A5A-BB1C-4BB4-9943-AFEE0F49EF3C}.Release|Any CPU.ActiveCfg = Release|Any CPU
		{D4029A5A-BB1C-4BB4-9943-AFEE0F49EF3C}.Release|Any CPU.Build.0 = Release|Any CPU
		{6C4B6C61-FFDE-49E5-9E2E-05A50A016037}.Debug|Any CPU.ActiveCfg = Debug|Any CPU
		{6C4B6C61-FFDE-49E5-9E2E-05A50A016037}.Debug|Any CPU.Build.0 = Debug|Any CPU
		{6C4B6C61-FFDE-49E5-9E2E-05A50A016037}.Release|Any CPU.ActiveCfg = Release|Any CPU
		{6C4B6C61-FFDE-49E5-9E2E-05A50A016037}.Release|Any CPU.Build.0 = Release|Any CPU
		{891064C5-6298-44AB-8DD1-FFD991F1B94D}.Debug|Any CPU.ActiveCfg = Debug|Any CPU
		{891064C5-6298-44AB-8DD1-FFD991F1B94D}.Debug|Any CPU.Build.0 = Debug|Any CPU
		{891064C5-6298-44AB-8DD1-FFD991F1B94D}.Release|Any CPU.ActiveCfg = Release|Any CPU
		{891064C5-6298-44AB-8DD1-FFD991F1B94D}.Release|Any CPU.Build.0 = Release|Any CPU
		{A82D4967-5974-425B-8D96-E8FE4FAEB51D}.Debug|Any CPU.ActiveCfg = Debug|Any CPU
		{A82D4967-5974-425B-8D96-E8FE4FAEB51D}.Debug|Any CPU.Build.0 = Debug|Any CPU
		{A82D4967-5974-425B-8D96-E8FE4FAEB51D}.Release|Any CPU.ActiveCfg = Release|Any CPU
		{A82D4967-5974-425B-8D96-E8FE4FAEB51D}.Release|Any CPU.Build.0 = Release|Any CPU
		{7D028205-2ED6-433E-8714-DA34B74671D6}.Debug|Any CPU.ActiveCfg = Debug|Any CPU
		{7D028205-2ED6-433E-8714-DA34B74671D6}.Debug|Any CPU.Build.0 = Debug|Any CPU
		{7D028205-2ED6-433E-8714-DA34B74671D6}.Release|Any CPU.ActiveCfg = Release|Any CPU
		{7D028205-2ED6-433E-8714-DA34B74671D6}.Release|Any CPU.Build.0 = Release|Any CPU
	EndGlobalSection
	GlobalSection(SolutionProperties) = preSolution
		HideSolutionNode = FALSE
	EndGlobalSection
	GlobalSection(NestedProjects) = preSolution
		{E76D4B55-87A1-4DB0-96B9-6FC12DDBC7EA} = {3B1C93C0-C4D0-4320-9872-758D26833F0B}
		{F81C0C96-C374-4641-B915-9B475CF587B1} = {3B1C93C0-C4D0-4320-9872-758D26833F0B}
		{D4029A5A-BB1C-4BB4-9943-AFEE0F49EF3C} = {3B1C93C0-C4D0-4320-9872-758D26833F0B}
		{6C4B6C61-FFDE-49E5-9E2E-05A50A016037} = {3B1C93C0-C4D0-4320-9872-758D26833F0B}
		{891064C5-6298-44AB-8DD1-FFD991F1B94D} = {E22F9CAB-4EAB-4E17-827A-321C131BBB36}
		{A82D4967-5974-425B-8D96-E8FE4FAEB51D} = {E22F9CAB-4EAB-4E17-827A-321C131BBB36}
		{7D028205-2ED6-433E-8714-DA34B74671D6} = {16226C7B-996C-4EEE-8079-1E7966C28172}
		{B930C48B-7ED1-43C2-9550-2F9CFF32CE4D} = {9B903F65-D4B2-42A6-BB18-57A4BB0446FD}
		{18A912AE-0D69-4F01-9246-D862E8F11236} = {9B903F65-D4B2-42A6-BB18-57A4BB0446FD}
	EndGlobalSection
	GlobalSection(ExtensibilityGlobals) = postSolution
		SolutionGuid = {0728DDEC-9445-49EE-820B-F258F99EDB6B}
	EndGlobalSection
EndGlobal
