
Microsoft Visual Studio Solution File, Format Version 12.00
# Visual Studio Version 16
VisualStudioVersion = 16.0.29806.167
MinimumVisualStudioVersion = 10.0.40219.1
Project("{FAE04EC0-301F-11D3-BF4B-00C04F79EFBC}") = "PiratesGrid", "PiratesGrid\PiratesGrid.csproj", "{4E15CC38-5C87-4B6D-AE72-D8A67E7FF69D}"
EndProject
Global
	GlobalSection(SolutionConfigurationPlatforms) = preSolution
		Debug|Any CPU = Debug|Any CPU
		Release|Any CPU = Release|Any CPU
	EndGlobalSection
	GlobalSection(ProjectConfigurationPlatforms) = postSolution
		{4E15CC38-5C87-4B6D-AE72-D8A67E7FF69D}.Debug|Any CPU.ActiveCfg = Debug|Any CPU
		{4E15CC38-5C87-4B6D-AE72-D8A67E7FF69D}.Debug|Any CPU.Build.0 = Debug|Any CPU
		{4E15CC38-5C87-4B6D-AE72-D8A67E7FF69D}.Release|Any CPU.ActiveCfg = Release|Any CPU
		{4E15CC38-5C87-4B6D-AE72-D8A67E7FF69D}.Release|Any CPU.Build.0 = Release|Any CPU
	EndGlobalSection
	GlobalSection(SolutionProperties) = preSolution
		HideSolutionNode = FALSE
	EndGlobalSection
	GlobalSection(ExtensibilityGlobals) = postSolution
		SolutionGuid = {BA114657-5239-4E09-9EA4-8CEFAD95F38A}
	EndGlobalSection
EndGlobal
